
Microsoft Visual Studio Solution File, Format Version 12.00
# Visual Studio Version 17
VisualStudioVersion = 17.2.32516.85
MinimumVisualStudioVersion = 10.0.40219.1
Project("{FAE04EC0-301F-11D3-BF4B-00C04F79EFBC}") = "Curs_Work_Bot", "Curs_Work_Bot\Curs_Work_Bot.csproj", "{040F84DB-11F6-424A-B70C-B150BA64594A}"
EndProject
Global
	GlobalSection(SolutionConfigurationPlatforms) = preSolution
		Debug|Any CPU = Debug|Any CPU
		Release|Any CPU = Release|Any CPU
	EndGlobalSection
	GlobalSection(ProjectConfigurationPlatforms) = postSolution
		{040F84DB-11F6-424A-B70C-B150BA64594A}.Debug|Any CPU.ActiveCfg = Debug|Any CPU
		{040F84DB-11F6-424A-B70C-B150BA64594A}.Debug|Any CPU.Build.0 = Debug|Any CPU
		{040F84DB-11F6-424A-B70C-B150BA64594A}.Release|Any CPU.ActiveCfg = Release|Any CPU
		{040F84DB-11F6-424A-B70C-B150BA64594A}.Release|Any CPU.Build.0 = Release|Any CPU
	EndGlobalSection
	GlobalSection(SolutionProperties) = preSolution
		HideSolutionNode = FALSE
	EndGlobalSection
	GlobalSection(ExtensibilityGlobals) = postSolution
		SolutionGuid = {44FD5D1B-3FDA-4B8D-B714-19E299741CD8}
	EndGlobalSection
EndGlobal
